
Microsoft Visual Studio Solution File, Format Version 12.00
# Visual Studio Version 17
VisualStudioVersion = 17.1.32421.90
MinimumVisualStudioVersion = 10.0.40219.1
Project("{FAE04EC0-301F-11D3-BF4B-00C04F79EFBC}") = "MidTermExam", "MidTermExam.csproj", "{F1443DCA-368C-4952-A3AF-4DA0371E29EE}"
EndProject
Global
	GlobalSection(SolutionConfigurationPlatforms) = preSolution
		Debug|Any CPU = Debug|Any CPU
		Release|Any CPU = Release|Any CPU
	EndGlobalSection
	GlobalSection(ProjectConfigurationPlatforms) = postSolution
		{F1443DCA-368C-4952-A3AF-4DA0371E29EE}.Debug|Any CPU.ActiveCfg = Debug|Any CPU
		{F1443DCA-368C-4952-A3AF-4DA0371E29EE}.Debug|Any CPU.Build.0 = Debug|Any CPU
		{F1443DCA-368C-4952-A3AF-4DA0371E29EE}.Release|Any CPU.ActiveCfg = Release|Any CPU
		{F1443DCA-368C-4952-A3AF-4DA0371E29EE}.Release|Any CPU.Build.0 = Release|Any CPU
	EndGlobalSection
	GlobalSection(SolutionProperties) = preSolution
		HideSolutionNode = FALSE
	EndGlobalSection
	GlobalSection(ExtensibilityGlobals) = postSolution
		SolutionGuid = {50DB87A6-FA9F-4FA8-A280-50259E9554A1}
	EndGlobalSection
EndGlobal
